
Microsoft Visual Studio Solution File, Format Version 12.00
# Visual Studio Version 16
VisualStudioVersion = 16.0.33130.400
MinimumVisualStudioVersion = 10.0.40219.1
Project("{FAE04EC0-301F-11D3-BF4B-00C04F79EFBC}") = "СonveyorSystemModeling", "СonveyorSystemModeling\СonveyorSystemModeling.csproj", "{88CC1D3E-64C9-4185-8435-7B61D8939552}"
EndProject
Global
	GlobalSection(SolutionConfigurationPlatforms) = preSolution
		Debug|Any CPU = Debug|Any CPU
		Release|Any CPU = Release|Any CPU
	EndGlobalSection
	GlobalSection(ProjectConfigurationPlatforms) = postSolution
		{88CC1D3E-64C9-4185-8435-7B61D8939552}.Debug|Any CPU.ActiveCfg = Debug|Any CPU
		{88CC1D3E-64C9-4185-8435-7B61D8939552}.Debug|Any CPU.Build.0 = Debug|Any CPU
		{88CC1D3E-64C9-4185-8435-7B61D8939552}.Release|Any CPU.ActiveCfg = Release|Any CPU
		{88CC1D3E-64C9-4185-8435-7B61D8939552}.Release|Any CPU.Build.0 = Release|Any CPU
	EndGlobalSection
	GlobalSection(SolutionProperties) = preSolution
		HideSolutionNode = FALSE
	EndGlobalSection
	GlobalSection(ExtensibilityGlobals) = postSolution
		SolutionGuid = {87316052-D4E6-472C-9FAA-E7027F8F46AD}
	EndGlobalSection
EndGlobal
